
Microsoft Visual Studio Solution File, Format Version 12.00
# Visual Studio 2012
Project("{FAE04EC0-301F-11D3-BF4B-00C04F79EFBC}") = "Core", "Core\Core.csproj", "{2FFC2230-70F2-4523-BC2D-13F161D1F143}"
EndProject
Project("{FAE04EC0-301F-11D3-BF4B-00C04F79EFBC}") = "Db", "Db\Db.csproj", "{4CC38238-B8CA-4FA5-9D98-4ABD43BE793C}"
EndProject
Project("{FAE04EC0-301F-11D3-BF4B-00C04F79EFBC}") = "QueryBuilder", "Core\Areas\QueryBuilder\QueryBuilder.csproj", "{728E9FE6-8195-47AD-B71D-E539411F8D5A}"
EndProject
Global
	GlobalSection(SolutionConfigurationPlatforms) = preSolution
		Debug|Any CPU = Debug|Any CPU
		Release|Any CPU = Release|Any CPU
	EndGlobalSection
	GlobalSection(ProjectConfigurationPlatforms) = postSolution
		{2FFC2230-70F2-4523-BC2D-13F161D1F143}.Debug|Any CPU.ActiveCfg = Debug|Any CPU
		{2FFC2230-70F2-4523-BC2D-13F161D1F143}.Debug|Any CPU.Build.0 = Debug|Any CPU
		{2FFC2230-70F2-4523-BC2D-13F161D1F143}.Release|Any CPU.ActiveCfg = Release|Any CPU
		{2FFC2230-70F2-4523-BC2D-13F161D1F143}.Release|Any CPU.Build.0 = Release|Any CPU
		{4CC38238-B8CA-4FA5-9D98-4ABD43BE793C}.Debug|Any CPU.ActiveCfg = Debug|Any CPU
		{4CC38238-B8CA-4FA5-9D98-4ABD43BE793C}.Debug|Any CPU.Build.0 = Debug|Any CPU
		{4CC38238-B8CA-4FA5-9D98-4ABD43BE793C}.Release|Any CPU.ActiveCfg = Release|Any CPU
		{4CC38238-B8CA-4FA5-9D98-4ABD43BE793C}.Release|Any CPU.Build.0 = Release|Any CPU
		{728E9FE6-8195-47AD-B71D-E539411F8D5A}.Debug|Any CPU.ActiveCfg = Debug|Any CPU
		{728E9FE6-8195-47AD-B71D-E539411F8D5A}.Debug|Any CPU.Build.0 = Debug|Any CPU
		{728E9FE6-8195-47AD-B71D-E539411F8D5A}.Release|Any CPU.ActiveCfg = Release|Any CPU
		{728E9FE6-8195-47AD-B71D-E539411F8D5A}.Release|Any CPU.Build.0 = Release|Any CPU
	EndGlobalSection
	GlobalSection(SolutionProperties) = preSolution
		HideSolutionNode = FALSE
	EndGlobalSection
EndGlobal
